
Microsoft Visual Studio Solution File, Format Version 12.00
# Visual Studio Version 16
VisualStudioVersion = 16.0.30204.135
MinimumVisualStudioVersion = 10.0.40219.1
Project("{FAE04EC0-301F-11D3-BF4B-00C04F79EFBC}") = "Tool", "Tool\Tool.csproj", "{4D232C58-613A-4B4E-A4E4-3231E8CED520}"
EndProject
Global
	GlobalSection(SolutionConfigurationPlatforms) = preSolution
		Debug|Any CPU = Debug|Any CPU
		Release|Any CPU = Release|Any CPU
	EndGlobalSection
	GlobalSection(ProjectConfigurationPlatforms) = postSolution
		{4D232C58-613A-4B4E-A4E4-3231E8CED520}.Debug|Any CPU.ActiveCfg = Debug|Any CPU
		{4D232C58-613A-4B4E-A4E4-3231E8CED520}.Debug|Any CPU.Build.0 = Debug|Any CPU
		{4D232C58-613A-4B4E-A4E4-3231E8CED520}.Release|Any CPU.ActiveCfg = Release|Any CPU
		{4D232C58-613A-4B4E-A4E4-3231E8CED520}.Release|Any CPU.Build.0 = Release|Any CPU
	EndGlobalSection
	GlobalSection(SolutionProperties) = preSolution
		HideSolutionNode = FALSE
	EndGlobalSection
	GlobalSection(ExtensibilityGlobals) = postSolution
		SolutionGuid = {6BC4847D-47E0-403F-90D1-0DBB890A5CDC}
	EndGlobalSection
EndGlobal
